
Microsoft Visual Studio Solution File, Format Version 12.00
# Visual Studio Version 16
VisualStudioVersion = 16.0.30002.166
MinimumVisualStudioVersion = 10.0.40219.1
Project("{FAE04EC0-301F-11D3-BF4B-00C04F79EFBC}") = "ExcaliburCodingAssignment", "ExcaliburCodingAssignment\ExcaliburCodingAssignment.csproj", "{FBC99680-3077-4534-8F49-2F58A5BF2D4C}"
EndProject
Global
	GlobalSection(SolutionConfigurationPlatforms) = preSolution
		Debug|Any CPU = Debug|Any CPU
		Release|Any CPU = Release|Any CPU
	EndGlobalSection
	GlobalSection(ProjectConfigurationPlatforms) = postSolution
		{FBC99680-3077-4534-8F49-2F58A5BF2D4C}.Debug|Any CPU.ActiveCfg = Debug|Any CPU
		{FBC99680-3077-4534-8F49-2F58A5BF2D4C}.Debug|Any CPU.Build.0 = Debug|Any CPU
		{FBC99680-3077-4534-8F49-2F58A5BF2D4C}.Release|Any CPU.ActiveCfg = Release|Any CPU
		{FBC99680-3077-4534-8F49-2F58A5BF2D4C}.Release|Any CPU.Build.0 = Release|Any CPU
	EndGlobalSection
	GlobalSection(SolutionProperties) = preSolution
		HideSolutionNode = FALSE
	EndGlobalSection
	GlobalSection(ExtensibilityGlobals) = postSolution
		SolutionGuid = {783D43A7-0DEA-49BB-A959-B5AD152486E1}
	EndGlobalSection
EndGlobal
